
Microsoft Visual Studio Solution File, Format Version 12.00
# Visual Studio 15
VisualStudioVersion = 15.0.28307.852
MinimumVisualStudioVersion = 10.0.40219.1
Project("{FAE04EC0-301F-11D3-BF4B-00C04F79EFBC}") = "devAkademi_HEnesGokdag", "devAkademi_HEnesGokdag\devAkademi_HEnesGokdag.csproj", "{308121D9-17C3-4B64-872C-CF38292E69D4}"
EndProject
Project("{FAE04EC0-301F-11D3-BF4B-00C04F79EFBC}") = "devAkademi.DataAccess", "devAkademi.DataAccess\devAkademi.DataAccess.csproj", "{1EFC3EC6-FFF7-46B1-A73F-D5DEA4F42E4A}"
EndProject
Global
	GlobalSection(SolutionConfigurationPlatforms) = preSolution
		Debug|Any CPU = Debug|Any CPU
		Release|Any CPU = Release|Any CPU
	EndGlobalSection
	GlobalSection(ProjectConfigurationPlatforms) = postSolution
		{308121D9-17C3-4B64-872C-CF38292E69D4}.Debug|Any CPU.ActiveCfg = Debug|Any CPU
		{308121D9-17C3-4B64-872C-CF38292E69D4}.Debug|Any CPU.Build.0 = Debug|Any CPU
		{308121D9-17C3-4B64-872C-CF38292E69D4}.Release|Any CPU.ActiveCfg = Release|Any CPU
		{308121D9-17C3-4B64-872C-CF38292E69D4}.Release|Any CPU.Build.0 = Release|Any CPU
		{1EFC3EC6-FFF7-46B1-A73F-D5DEA4F42E4A}.Debug|Any CPU.ActiveCfg = Debug|Any CPU
		{1EFC3EC6-FFF7-46B1-A73F-D5DEA4F42E4A}.Debug|Any CPU.Build.0 = Debug|Any CPU
		{1EFC3EC6-FFF7-46B1-A73F-D5DEA4F42E4A}.Release|Any CPU.ActiveCfg = Release|Any CPU
		{1EFC3EC6-FFF7-46B1-A73F-D5DEA4F42E4A}.Release|Any CPU.Build.0 = Release|Any CPU
	EndGlobalSection
	GlobalSection(SolutionProperties) = preSolution
		HideSolutionNode = FALSE
	EndGlobalSection
	GlobalSection(ExtensibilityGlobals) = postSolution
		SolutionGuid = {39B286CE-30CD-486A-B47E-9B8E8BD7B723}
	EndGlobalSection
EndGlobal
